# THIS IS AN AUTOGENERATED FILE. DO NOT EDIT THIS FILE DIRECTLY.
# yarn lockfile v1


"@supercharge/fs@^3.4.0":
  version "3.4.0"
  resolved "https://registry.yarnpkg.com/@supercharge/fs/-/fs-3.4.0.tgz#cb2823a9b8a3c361f086b3554db147191fb63549"
  integrity sha512-KjrMmnfaDJog/77X+kxaFZaqBCOZX7xjv0obQs3VRXWU62iXMuT1FW2zH8yQZrtDlOIB9UvLSWdENQSeHrtHKA==
  dependencies:
    "@supercharge/goodies" "~1.10.0"
    "@types/fs-extra" "~9.0.12"
    "@types/proper-lockfile" "~4.1.2"
    "@types/recursive-readdir" "~2.2.0"
    fs-extra "~10.0.0"
    proper-lockfile "~4.1.2"
    recursive-readdir "~2.2.2"

"@supercharge/goodies@~1.10.0":
  version "1.10.1"
  resolved "https://registry.yarnpkg.com/@supercharge/goodies/-/goodies-1.10.1.tgz#969d1732f774027a104f2ea289eeb6372b8e1b87"
  integrity sha512-v1TRTpFvcVsDnz2QhdY8VS86ht6XgaseZu5+E8ETe04A4Mym8ff+6cC6GL8aPBo6Ii86mtTa+8REoFD31L8A1g==

"@types/fs-extra@~9.0.12":
  version "9.0.13"
  resolved "https://registry.yarnpkg.com/@types/fs-extra/-/fs-extra-9.0.13.tgz#7594fbae04fe7f1918ce8b3d213f74ff44ac1f45"
  integrity sha512-nEnwB++1u5lVDM2UI4c1+5R+FYaKfaAzS4OococimjVm3nQw3TuzH5UNsocrcTBbhnerblyHj4A49qXbIiZdpA==
  dependencies:
    "@types/node" "*"

"@types/node@*":
  version "18.11.10"
  resolved "https://registry.yarnpkg.com/@types/node/-/node-18.11.10.tgz#4c64759f3c2343b7e6c4b9caf761c7a3a05cee34"
  integrity sha512-juG3RWMBOqcOuXC643OAdSA525V44cVgGV6dUDuiFtss+8Fk5x1hI93Rsld43VeJVIeqlP9I7Fn9/qaVqoEAuQ==

"@types/proper-lockfile@~4.1.2":
  version "4.1.2"
  resolved "https://registry.yarnpkg.com/@types/proper-lockfile/-/proper-lockfile-4.1.2.tgz#49537cee7134055ee13a1833b76a1c298f39bb26"
  integrity sha512-kd4LMvcnpYkspDcp7rmXKedn8iJSCoa331zRRamUp5oanKt/CefbEGPQP7G89enz7sKD4bvsr8mHSsC8j5WOvA==
  dependencies:
    "@types/retry" "*"

"@types/recursive-readdir@~2.2.0":
  version "2.2.1"
  resolved "https://registry.yarnpkg.com/@types/recursive-readdir/-/recursive-readdir-2.2.1.tgz#330f5ec0b73e8aeaf267a6e056884e393f3543a3"
  integrity sha512-Xd+Ptc4/F2ueInqy5yK2FI5FxtwwbX2+VZpcg+9oYsFJVen8qQKGapCr+Bi5wQtHU1cTXT8s+07lo/nKPgu8Gg==
  dependencies:
    "@types/node" "*"

"@types/retry@*":
  version "0.12.2"
  resolved "https://registry.yarnpkg.com/@types/retry/-/retry-0.12.2.tgz#ed279a64fa438bb69f2480eda44937912bb7480a"
  integrity sha512-XISRgDJ2Tc5q4TRqvgJtzsRkFYNJzZrhTdtMoGVBttwzzQJkPnS3WWTFc7kuDRoPtPakl+T+OfdEUjYJj7Jbow==

balanced-match@^1.0.0:
  version "1.0.2"
  resolved "https://registry.yarnpkg.com/balanced-match/-/balanced-match-1.0.2.tgz#e83e3a7e3f300b34cb9d87f615fa0cbf357690ee"
  integrity sha512-3oSeUO0TMV67hN1AmbXsK4yaqU7tjiHlbxRDZOpH0KW9+CeX4bRAaX0Anxt0tx2MrpRpWwQaPwIlISEJhYU5Pw==

brace-expansion@^1.1.7:
  version "1.1.11"
  resolved "https://registry.yarnpkg.com/brace-expansion/-/brace-expansion-1.1.11.tgz#3c7fcbf529d87226f3d2f52b966ff5271eb441dd"
  integrity sha512-iCuPHDFgrHX7H2vEI/5xpz07zSHB00TpugqhmYtVmMO6518mCuRMoOYFldEBl0g187ufozdaHgWKcYFb61qGiA==
  dependencies:
    balanced-match "^1.0.0"
    concat-map "0.0.1"

charenc@0.0.2:
  version "0.0.2"
  resolved "https://registry.yarnpkg.com/charenc/-/charenc-0.0.2.tgz#c0a1d2f3a7092e03774bfa83f14c0fc5790a8667"
  integrity sha512-yrLQ/yVUFXkzg7EDQsPieE/53+0RlaWTs+wBrvW36cyilJ2SaDWfl4Yj7MtLTXleV9uEKefbAGUPv2/iWSooRA==

concat-map@0.0.1:
  version "0.0.1"
  resolved "https://registry.yarnpkg.com/concat-map/-/concat-map-0.0.1.tgz#d8a96bd77fd68df7793a73036a3ba0d5405d477b"
  integrity sha512-/Srv4dswyQNBfohGpz9o6Yb3Gz3SrUDqBH5rTuhGR7ahtlbYKnVxw2bCFMRljaA7EXHaXZ8wsHdodFvbkhKmqg==

crypt@0.0.2:
  version "0.0.2"
  resolved "https://registry.yarnpkg.com/crypt/-/crypt-0.0.2.tgz#88d7ff7ec0dfb86f713dc87bbb42d044d3e6c41b"
  integrity sha512-mCxBlsHFYh9C+HVpiEacem8FEBnMXgU9gy4zmNC+SXAZNB/1idgp/aulFJ4FgCi7GPEVbfyng092GqL2k2rmow==

fs-extra@~10.0.0:
  version "10.0.1"
  resolved "https://registry.yarnpkg.com/fs-extra/-/fs-extra-10.0.1.tgz#27de43b4320e833f6867cc044bfce29fdf0ef3b8"
  integrity sha512-NbdoVMZso2Lsrn/QwLXOy6rm0ufY2zEOKCDzJR/0kBsb0E6qed0P3iYK+Ath3BfvXEeu4JhEtXLgILx5psUfag==
  dependencies:
    graceful-fs "^4.2.0"
    jsonfile "^6.0.1"
    universalify "^2.0.0"

graceful-fs@^4.1.6, graceful-fs@^4.2.0, graceful-fs@^4.2.4:
  version "4.2.10"
  resolved "https://registry.yarnpkg.com/graceful-fs/-/graceful-fs-4.2.10.tgz#147d3a006da4ca3ce14728c7aefc287c367d7a6c"
  integrity sha512-9ByhssR2fPVsNZj478qUUbKfmL0+t5BDVyjShtyZZLiK7ZDAArFFfopyOTj0M05wE2tJPisA4iTnnXl2YoPvOA==

is-buffer@~1.1.6:
  version "1.1.6"
  resolved "https://registry.yarnpkg.com/is-buffer/-/is-buffer-1.1.6.tgz#efaa2ea9daa0d7ab2ea13a97b2b8ad51fefbe8be"
  integrity sha512-NcdALwpXkTm5Zvvbk7owOUSvVvBKDgKP5/ewfXEznmQFfs4ZRmanOeKBTjRVjka3QFoN6XJ+9F3USqfHqTaU5w==

json-parse-even-better-errors@^3.0.0:
  version "3.0.0"
  resolved "https://registry.yarnpkg.com/json-parse-even-better-errors/-/json-parse-even-better-errors-3.0.0.tgz#2cb2ee33069a78870a0c7e3da560026b89669cf7"
  integrity sha512-iZbGHafX/59r39gPwVPRBGw0QQKnA7tte5pSMrhWOW7swGsVvVTjmfyAV9pNqk8YGT7tRCdxRu8uzcgZwoDooA==

jsonfile@^6.0.1:
  version "6.1.0"
  resolved "https://registry.yarnpkg.com/jsonfile/-/jsonfile-6.1.0.tgz#bc55b2634793c679ec6403094eb13698a6ec0aae"
  integrity sha512-5dgndWOriYSm5cnYaJNhalLNDKOqFwyDB/rr1E9ZsGciGvKPs8R2xYGCacuf3z6K1YKDz182fd+fY3cn3pMqXQ==
  dependencies:
    universalify "^2.0.0"
  optionalDependencies:
    graceful-fs "^4.1.6"

just-diff-apply@^5.2.0:
  version "5.4.1"
  resolved "https://registry.yarnpkg.com/just-diff-apply/-/just-diff-apply-5.4.1.tgz#1debed059ad009863b4db0e8d8f333d743cdd83b"
  integrity sha512-AAV5Jw7tsniWwih8Ly3fXxEZ06y+6p5TwQMsw0dzZ/wPKilzyDgdAnL0Ug4NNIquPUOh1vfFWEHbmXUqM5+o8g==

just-diff@^5.0.1:
  version "5.1.1"
  resolved "https://registry.yarnpkg.com/just-diff/-/just-diff-5.1.1.tgz#8da6414342a5ed6d02ccd64f5586cbbed3146202"
  integrity sha512-u8HXJ3HlNrTzY7zrYYKjNEfBlyjqhdBkoyTVdjtn7p02RJD5NvR8rIClzeGA7t+UYP1/7eAkWNLU0+P3QrEqKQ==

md5@^2.3.0:
  version "2.3.0"
  resolved "https://registry.yarnpkg.com/md5/-/md5-2.3.0.tgz#c3da9a6aae3a30b46b7b0c349b87b110dc3bda4f"
  integrity sha512-T1GITYmFaKuO91vxyoQMFETst+O71VUPEU3ze5GNzDm0OWdP8v1ziTaAEPUr/3kLsY3Sftgz242A1SetQiDL7g==
  dependencies:
    charenc "0.0.2"
    crypt "0.0.2"
    is-buffer "~1.1.6"

minimatch@^3.0.5:
  version "3.1.2"
  resolved "https://registry.yarnpkg.com/minimatch/-/minimatch-3.1.2.tgz#19cd194bfd3e428f049a70817c038d89ab4be35b"
  integrity sha512-J7p63hRiAjw1NDEww1W7i37+ByIrOWO5XQQAzZ3VOcL0PNybwpfmV/N05zFAzwQ9USyEcX6t3UO+K5aqBQOIHw==
  dependencies:
    brace-expansion "^1.1.7"

parse-conflict-json@^3.0.0:
  version "3.0.0"
  resolved "https://registry.yarnpkg.com/parse-conflict-json/-/parse-conflict-json-3.0.0.tgz#eb266cbeeb66e73c3e92806da4d4ace3b798acff"
  integrity sha512-ipcKLCmZbAj7n+h9qQREvdvsBUMPetGk9mM4ljCvs5inZznAlkHPk5XPc7ROtknUKw7kO6Jnz10Y3Eec7tky/A==
  dependencies:
    json-parse-even-better-errors "^3.0.0"
    just-diff "^5.0.1"
    just-diff-apply "^5.2.0"

proper-lockfile@~4.1.2:
  version "4.1.2"
  resolved "https://registry.yarnpkg.com/proper-lockfile/-/proper-lockfile-4.1.2.tgz#c8b9de2af6b2f1601067f98e01ac66baa223141f"
  integrity sha512-TjNPblN4BwAWMXU8s9AEz4JmQxnD1NNL7bNOY/AKUzyamc379FWASUhc/K1pL2noVb+XmZKLL68cjzLsiOAMaA==
  dependencies:
    graceful-fs "^4.2.4"
    retry "^0.12.0"
    signal-exit "^3.0.2"

recursive-readdir@~2.2.2:
  version "2.2.3"
  resolved "https://registry.yarnpkg.com/recursive-readdir/-/recursive-readdir-2.2.3.tgz#e726f328c0d69153bcabd5c322d3195252379372"
  integrity sha512-8HrF5ZsXk5FAH9dgsx3BlUer73nIhuj+9OrQwEbLTPOBzGkL1lsFCR01am+v+0m2Cmbs1nP12hLDl5FA7EszKA==
  dependencies:
    minimatch "^3.0.5"

retry@^0.12.0:
  version "0.12.0"
  resolved "https://registry.yarnpkg.com/retry/-/retry-0.12.0.tgz#1b42a6266a21f07421d1b0b54b7dc167b01c013b"
  integrity sha512-9LkiTwjUh6rT555DtE9rTX+BKByPfrMzEAtnlEtdEwr3Nkffwiihqe2bWADg+OQRjt9gl6ICdmB/ZFDCGAtSow==

signal-exit@^3.0.2:
  version "3.0.7"
  resolved "https://registry.yarnpkg.com/signal-exit/-/signal-exit-3.0.7.tgz#a9a1767f8af84155114eaabd73f99273c8f59ad9"
  integrity sha512-wnD2ZE+l+SPC/uoS0vXeE9L1+0wuaMqKlfz9AMUo38JsyLSBWSFcHR1Rri62LZc12vLr1gb3jl7iwQhgwpAbGQ==

universalify@^2.0.0:
  version "2.0.0"
  resolved "https://registry.yarnpkg.com/universalify/-/universalify-2.0.0.tgz#75a4984efedc4b08975c5aeb73f530d02df25717"
  integrity sha512-hAZsKq7Yy11Zu1DE0OzWjw7nnLZmJZYTDZZyEFHZdUhV8FkH5MCfoU1XMaxXovpyW5nq5scPqq0ZDP9Zyl04oQ==
